
Microsoft Visual Studio Solution File, Format Version 12.00
Project("{FAE04EC0-301F-11D3-BF4B-00C04F79EFBC}") = "Covid19DataProject", "Covid19DataProject.csproj", "{2BB98AF2-54B4-460A-BB77-F9AFDCA4116D}"
EndProject
Global
	GlobalSection(SolutionConfigurationPlatforms) = preSolution
		Debug|Any CPU = Debug|Any CPU
		Release|Any CPU = Release|Any CPU
	EndGlobalSection
	GlobalSection(ProjectConfigurationPlatforms) = postSolution
		{2BB98AF2-54B4-460A-BB77-F9AFDCA4116D}.Debug|Any CPU.ActiveCfg = Debug|Any CPU
		{2BB98AF2-54B4-460A-BB77-F9AFDCA4116D}.Debug|Any CPU.Build.0 = Debug|Any CPU
		{2BB98AF2-54B4-460A-BB77-F9AFDCA4116D}.Release|Any CPU.ActiveCfg = Release|Any CPU
		{2BB98AF2-54B4-460A-BB77-F9AFDCA4116D}.Release|Any CPU.Build.0 = Release|Any CPU
	EndGlobalSection
EndGlobal
